
Microsoft Visual Studio Solution File, Format Version 12.00
# Visual Studio Version 17
VisualStudioVersion = 17.4.33110.190
MinimumVisualStudioVersion = 10.0.40219.1
Project("{2150E333-8FDC-42A3-9474-1A3956D46DE8}") = "Services", "Services", "{8200DD8C-CE7C-4EFE-8927-72BE45A070A2}"
EndProject
Project("{2150E333-8FDC-42A3-9474-1A3956D46DE8}") = "Catalog", "Catalog", "{5B77127F-DC0C-4EAC-B7F7-F8984B662963}"
EndProject
Project("{9A19103F-16F7-4668-BE54-9A1E7A4F7556}") = "Catalog.API", "Services\Catalog\Catalog.API\Catalog.API.csproj", "{E4F07CFC-BF49-4277-8F72-1FB1E25A5BBA}"
EndProject
Project("{E53339B2-1760-4266-BCC7-CA923CBCF16C}") = "docker-compose", "docker-compose.dcproj", "{F96BB098-3F6B-4FEE-9974-EDEE1D85BEF2}"
EndProject
Project("{2150E333-8FDC-42A3-9474-1A3956D46DE8}") = "Basket", "Basket", "{8B6BC540-FFC4-4A62-830E-A6F30A52E523}"
EndProject
Project("{9A19103F-16F7-4668-BE54-9A1E7A4F7556}") = "Basket.API", "Services\Basket\Basket.API\Basket.API.csproj", "{7E05E1BB-052D-476E-810C-3A946591D5BA}"
EndProject
Project("{2150E333-8FDC-42A3-9474-1A3956D46DE8}") = "Discount", "Discount", "{01CFEE6C-126B-417D-AF82-94824D33D923}"
EndProject
Project("{9A19103F-16F7-4668-BE54-9A1E7A4F7556}") = "Discount.API", "Services\Discount\Discount.API\Discount.API.csproj", "{C27C1BF1-6D65-4373-8FFF-CCFE754DDC77}"
EndProject
Project("{9A19103F-16F7-4668-BE54-9A1E7A4F7556}") = "Discount.Grpc", "Services\Discount\Discount.Grpc\Discount.Grpc.csproj", "{0D6AEACB-9F22-4D09-9A71-635967270CB8}"
EndProject
Project("{2150E333-8FDC-42A3-9474-1A3956D46DE8}") = "Ordering", "Ordering", "{C79C3B6F-EA67-49E0-9C27-BAB619CB4FAA}"
EndProject
Project("{FAE04EC0-301F-11D3-BF4B-00C04F79EFBC}") = "Ordering.API", "Services\Ordering\Ordering.API\Ordering.API.csproj", "{FEF60BDC-1D23-4E09-BDCE-A0701FF306A9}"
EndProject
Global
	GlobalSection(SolutionConfigurationPlatforms) = preSolution
		Debug|Any CPU = Debug|Any CPU
		Release|Any CPU = Release|Any CPU
	EndGlobalSection
	GlobalSection(ProjectConfigurationPlatforms) = postSolution
		{E4F07CFC-BF49-4277-8F72-1FB1E25A5BBA}.Debug|Any CPU.ActiveCfg = Debug|Any CPU
		{E4F07CFC-BF49-4277-8F72-1FB1E25A5BBA}.Debug|Any CPU.Build.0 = Debug|Any CPU
		{E4F07CFC-BF49-4277-8F72-1FB1E25A5BBA}.Release|Any CPU.ActiveCfg = Release|Any CPU
		{E4F07CFC-BF49-4277-8F72-1FB1E25A5BBA}.Release|Any CPU.Build.0 = Release|Any CPU
		{F96BB098-3F6B-4FEE-9974-EDEE1D85BEF2}.Debug|Any CPU.ActiveCfg = Debug|Any CPU
		{F96BB098-3F6B-4FEE-9974-EDEE1D85BEF2}.Debug|Any CPU.Build.0 = Debug|Any CPU
		{F96BB098-3F6B-4FEE-9974-EDEE1D85BEF2}.Release|Any CPU.ActiveCfg = Release|Any CPU
		{F96BB098-3F6B-4FEE-9974-EDEE1D85BEF2}.Release|Any CPU.Build.0 = Release|Any CPU
		{7E05E1BB-052D-476E-810C-3A946591D5BA}.Debug|Any CPU.ActiveCfg = Debug|Any CPU
		{7E05E1BB-052D-476E-810C-3A946591D5BA}.Debug|Any CPU.Build.0 = Debug|Any CPU
		{7E05E1BB-052D-476E-810C-3A946591D5BA}.Release|Any CPU.ActiveCfg = Release|Any CPU
		{7E05E1BB-052D-476E-810C-3A946591D5BA}.Release|Any CPU.Build.0 = Release|Any CPU
		{C27C1BF1-6D65-4373-8FFF-CCFE754DDC77}.Debug|Any CPU.ActiveCfg = Debug|Any CPU
		{C27C1BF1-6D65-4373-8FFF-CCFE754DDC77}.Debug|Any CPU.Build.0 = Debug|Any CPU
		{C27C1BF1-6D65-4373-8FFF-CCFE754DDC77}.Release|Any CPU.ActiveCfg = Release|Any CPU
		{C27C1BF1-6D65-4373-8FFF-CCFE754DDC77}.Release|Any CPU.Build.0 = Release|Any CPU
		{0D6AEACB-9F22-4D09-9A71-635967270CB8}.Debug|Any CPU.ActiveCfg = Debug|Any CPU
		{0D6AEACB-9F22-4D09-9A71-635967270CB8}.Debug|Any CPU.Build.0 = Debug|Any CPU
		{0D6AEACB-9F22-4D09-9A71-635967270CB8}.Release|Any CPU.ActiveCfg = Release|Any CPU
		{0D6AEACB-9F22-4D09-9A71-635967270CB8}.Release|Any CPU.Build.0 = Release|Any CPU
		{FEF60BDC-1D23-4E09-BDCE-A0701FF306A9}.Debug|Any CPU.ActiveCfg = Debug|Any CPU
		{FEF60BDC-1D23-4E09-BDCE-A0701FF306A9}.Debug|Any CPU.Build.0 = Debug|Any CPU
		{FEF60BDC-1D23-4E09-BDCE-A0701FF306A9}.Release|Any CPU.ActiveCfg = Release|Any CPU
		{FEF60BDC-1D23-4E09-BDCE-A0701FF306A9}.Release|Any CPU.Build.0 = Release|Any CPU
	EndGlobalSection
	GlobalSection(SolutionProperties) = preSolution
		HideSolutionNode = FALSE
	EndGlobalSection
	GlobalSection(NestedProjects) = preSolution
		{5B77127F-DC0C-4EAC-B7F7-F8984B662963} = {8200DD8C-CE7C-4EFE-8927-72BE45A070A2}
		{E4F07CFC-BF49-4277-8F72-1FB1E25A5BBA} = {5B77127F-DC0C-4EAC-B7F7-F8984B662963}
		{8B6BC540-FFC4-4A62-830E-A6F30A52E523} = {8200DD8C-CE7C-4EFE-8927-72BE45A070A2}
		{7E05E1BB-052D-476E-810C-3A946591D5BA} = {8B6BC540-FFC4-4A62-830E-A6F30A52E523}
		{01CFEE6C-126B-417D-AF82-94824D33D923} = {8200DD8C-CE7C-4EFE-8927-72BE45A070A2}
		{C27C1BF1-6D65-4373-8FFF-CCFE754DDC77} = {01CFEE6C-126B-417D-AF82-94824D33D923}
		{0D6AEACB-9F22-4D09-9A71-635967270CB8} = {01CFEE6C-126B-417D-AF82-94824D33D923}
		{C79C3B6F-EA67-49E0-9C27-BAB619CB4FAA} = {8200DD8C-CE7C-4EFE-8927-72BE45A070A2}
		{FEF60BDC-1D23-4E09-BDCE-A0701FF306A9} = {C79C3B6F-EA67-49E0-9C27-BAB619CB4FAA}
	EndGlobalSection
	GlobalSection(ExtensibilityGlobals) = postSolution
		SolutionGuid = {8B3500F7-5E0C-41D1-995F-0CA002361FAE}
	EndGlobalSection
EndGlobal
